
Microsoft Visual Studio Solution File, Format Version 12.00
# Visual Studio Version 16
VisualStudioVersion = 16.0.29609.76
MinimumVisualStudioVersion = 10.0.40219.1
Project("{FAE04EC0-301F-11D3-BF4B-00C04F79EFBC}") = "Test matrix", "Test matrix\Test matrix.csproj", "{32514DBA-83C5-4DBB-B849-01DC561B44CF}"
EndProject
Global
	GlobalSection(SolutionConfigurationPlatforms) = preSolution
		Debug|Any CPU = Debug|Any CPU
		Release|Any CPU = Release|Any CPU
	EndGlobalSection
	GlobalSection(ProjectConfigurationPlatforms) = postSolution
		{32514DBA-83C5-4DBB-B849-01DC561B44CF}.Debug|Any CPU.ActiveCfg = Debug|Any CPU
		{32514DBA-83C5-4DBB-B849-01DC561B44CF}.Debug|Any CPU.Build.0 = Debug|Any CPU
		{32514DBA-83C5-4DBB-B849-01DC561B44CF}.Release|Any CPU.ActiveCfg = Release|Any CPU
		{32514DBA-83C5-4DBB-B849-01DC561B44CF}.Release|Any CPU.Build.0 = Release|Any CPU
	EndGlobalSection
	GlobalSection(SolutionProperties) = preSolution
		HideSolutionNode = FALSE
	EndGlobalSection
	GlobalSection(ExtensibilityGlobals) = postSolution
		SolutionGuid = {365CA04B-6C9D-4626-851B-569F58A07943}
	EndGlobalSection
EndGlobal
